
Microsoft Visual Studio Solution File, Format Version 12.00
# Visual Studio 15
VisualStudioVersion = 15.0.26124.0
MinimumVisualStudioVersion = 15.0.26124.0
Project("{FAE04EC0-301F-11D3-BF4B-00C04F79EFBC}") = "fileReaderLibrary", "fileReaderLibrary\fileReaderLibrary.csproj", "{E88E4C8E-58E7-48FC-B483-9F492106D18A}"
EndProject
Project("{FAE04EC0-301F-11D3-BF4B-00C04F79EFBC}") = "fileReaderUI", "fileReaderUI\fileReaderUI.csproj", "{084E9204-D4D8-47A0-A131-84DFAC0EB3C3}"
EndProject
Global
	GlobalSection(SolutionConfigurationPlatforms) = preSolution
		Debug|Any CPU = Debug|Any CPU
		Debug|x64 = Debug|x64
		Debug|x86 = Debug|x86
		Release|Any CPU = Release|Any CPU
		Release|x64 = Release|x64
		Release|x86 = Release|x86
	EndGlobalSection
	GlobalSection(SolutionProperties) = preSolution
		HideSolutionNode = FALSE
	EndGlobalSection
	GlobalSection(ProjectConfigurationPlatforms) = postSolution
		{E88E4C8E-58E7-48FC-B483-9F492106D18A}.Debug|Any CPU.ActiveCfg = Debug|Any CPU
		{E88E4C8E-58E7-48FC-B483-9F492106D18A}.Debug|Any CPU.Build.0 = Debug|Any CPU
		{E88E4C8E-58E7-48FC-B483-9F492106D18A}.Debug|x64.ActiveCfg = Debug|Any CPU
		{E88E4C8E-58E7-48FC-B483-9F492106D18A}.Debug|x64.Build.0 = Debug|Any CPU
		{E88E4C8E-58E7-48FC-B483-9F492106D18A}.Debug|x86.ActiveCfg = Debug|Any CPU
		{E88E4C8E-58E7-48FC-B483-9F492106D18A}.Debug|x86.Build.0 = Debug|Any CPU
		{E88E4C8E-58E7-48FC-B483-9F492106D18A}.Release|Any CPU.ActiveCfg = Release|Any CPU
		{E88E4C8E-58E7-48FC-B483-9F492106D18A}.Release|Any CPU.Build.0 = Release|Any CPU
		{E88E4C8E-58E7-48FC-B483-9F492106D18A}.Release|x64.ActiveCfg = Release|Any CPU
		{E88E4C8E-58E7-48FC-B483-9F492106D18A}.Release|x64.Build.0 = Release|Any CPU
		{E88E4C8E-58E7-48FC-B483-9F492106D18A}.Release|x86.ActiveCfg = Release|Any CPU
		{E88E4C8E-58E7-48FC-B483-9F492106D18A}.Release|x86.Build.0 = Release|Any CPU
		{084E9204-D4D8-47A0-A131-84DFAC0EB3C3}.Debug|Any CPU.ActiveCfg = Debug|Any CPU
		{084E9204-D4D8-47A0-A131-84DFAC0EB3C3}.Debug|Any CPU.Build.0 = Debug|Any CPU
		{084E9204-D4D8-47A0-A131-84DFAC0EB3C3}.Debug|x64.ActiveCfg = Debug|Any CPU
		{084E9204-D4D8-47A0-A131-84DFAC0EB3C3}.Debug|x64.Build.0 = Debug|Any CPU
		{084E9204-D4D8-47A0-A131-84DFAC0EB3C3}.Debug|x86.ActiveCfg = Debug|Any CPU
		{084E9204-D4D8-47A0-A131-84DFAC0EB3C3}.Debug|x86.Build.0 = Debug|Any CPU
		{084E9204-D4D8-47A0-A131-84DFAC0EB3C3}.Release|Any CPU.ActiveCfg = Release|Any CPU
		{084E9204-D4D8-47A0-A131-84DFAC0EB3C3}.Release|Any CPU.Build.0 = Release|Any CPU
		{084E9204-D4D8-47A0-A131-84DFAC0EB3C3}.Release|x64.ActiveCfg = Release|Any CPU
		{084E9204-D4D8-47A0-A131-84DFAC0EB3C3}.Release|x64.Build.0 = Release|Any CPU
		{084E9204-D4D8-47A0-A131-84DFAC0EB3C3}.Release|x86.ActiveCfg = Release|Any CPU
		{084E9204-D4D8-47A0-A131-84DFAC0EB3C3}.Release|x86.Build.0 = Release|Any CPU
	EndGlobalSection
EndGlobal
